// !$*UTF8*$!
{
	archiveVersion = 1;
	classes = {
	};
	objectVersion = 50;
	objects = {

/* Begin PBXBuildFile section */
		D678184F216CD16D00E650DB /* AppDelegate.m in Sources */ = {isa = PBXBuildFile; fileRef = D678184E216CD16D00E650DB /* AppDelegate.m */; };
		D6781852216CD16D00E650DB /* FirstViewController.m in Sources */ = {isa = PBXBuildFile; fileRef = D6781851216CD16D00E650DB /* FirstViewController.m */; };
		D6781855216CD16D00E650DB /* SecondViewController.m in Sources */ = {isa = PBXBuildFile; fileRef = D6781854216CD16D00E650DB /* SecondViewController.m */; };
		D6781858216CD16D00E650DB /* Main.storyboard in Resources */ = {isa = PBXBuildFile; fileRef = D6781856216CD16D00E650DB /* Main.storyboard */; };
		D678185A216CD16F00E650DB /* Assets.xcassets in Resources */ = {isa = PBXBuildFile; fileRef = D6781859216CD16F00E650DB /* Assets.xcassets */; };
		D678185D216CD16F00E650DB /* LaunchScreen.storyboard in Resources */ = {isa = PBXBuildFile; fileRef = D678185B216CD16F00E650DB /* LaunchScreen.storyboard */; };
		D6781860216CD16F00E650DB /* main.m in Sources */ = {isa = PBXBuildFile; fileRef = D678185F216CD16F00E650DB /* main.m */; };
		D6781867216CD1B600E650DB /* .gitignore in Resources */ = {isa = PBXBuildFile; fileRef = D6781866216CD1B600E650DB /* .gitignore */; };
/* End PBXBuildFile section */

/* Begin PBXFileReference section */
		D678184A216CD16D00E650DB /* SIMplePhone.app */ = {isa = PBXFileReference; explicitFileType = wrapper.application; includeInIndex = 0; path = SIMplePhone.app; sourceTree = BUILT_PRODUCTS_DIR; };
		D678184D216CD16D00E650DB /* AppDelegate.h */ = {isa = PBXFileReference; lastKnownFileType = sourcecode.c.h; path = AppDelegate.h; sourceTree = "<group>"; };
		D678184E216CD16D00E650DB /* AppDelegate.m */ = {isa = PBXFileReference; lastKnownFileType = sourcecode.c.objc; path = AppDelegate.m; sourceTree = "<group>"; };
		D6781850216CD16D00E650DB /* FirstViewController.h */ = {isa = PBXFileReference; lastKnownFileType = sourcecode.c.h; path = FirstViewController.h; sourceTree = "<group>"; };
		D6781851216CD16D00E650DB /* FirstViewController.m */ = {isa = PBXFileReference; lastKnownFileType = sourcecode.c.objc; path = FirstViewController.m; sourceTree = "<group>"; };
		D6781853216CD16D00E650DB /* SecondViewController.h */ = {isa = PBXFileReference; lastKnownFileType = sourcecode.c.h; path = SecondViewController.h; sourceTree = "<group>"; };
		D6781854216CD16D00E650DB /* SecondViewController.m */ = {isa = PBXFileReference; lastKnownFileType = sourcecode.c.objc; path = SecondViewController.m; sourceTree = "<group>"; };
		D6781857216CD16D00E650DB /* Base */ = {isa = PBXFileReference; lastKnownFileType = file.storyboard; name = Base; path = Base.lproj/Main.storyboard; sourceTree = "<group>"; };
		D6781859216CD16F00E650DB /* Assets.xcassets */ = {isa = PBXFileReference; lastKnownFileType = folder.assetcatalog; path = Assets.xcassets; sourceTree = "<group>"; };
		D678185C216CD16F00E650DB /* Base */ = {isa = PBXFileReference; lastKnownFileType = file.storyboard; name = Base; path = Base.lproj/LaunchScreen.storyboard; sourceTree = "<group>"; };
		D678185E216CD16F00E650DB /* Info.plist */ = {isa = PBXFileReference; lastKnownFileType = text.plist.xml; path = Info.plist; sourceTree = "<group>"; };
		D678185F216CD16F00E650DB /* main.m */ = {isa = PBXFileReference; lastKnownFileType = sourcecode.c.objc; path = main.m; sourceTree = "<group>"; };
		D6781866216CD1B600E650DB /* .gitignore */ = {isa = PBXFileReference; lastKnownFileType = text; path = .gitignore; sourceTree = "<group>"; };
/* End PBXFileReference section */

/* Begin PBXFrameworksBuildPhase section */
		D6781847216CD16D00E650DB /* Frameworks */ = {
			isa = PBXFrameworksBuildPhase;
			buildActionMask = 2147483647;
			files = (
			);
			runOnlyForDeploymentPostprocessing = 0;
		};
/* End PBXFrameworksBuildPhase section */

/* Begin PBXGroup section */
		D6781841216CD16D00E650DB = {
			isa = PBXGroup;
			children = (
				D678184C216CD16D00E650DB /* SIMplePhone */,
				D6781866216CD1B600E650DB /* .gitignore */,
				D678184B216CD16D00E650DB /* Products */,
			);
			sourceTree = "<group>";
		};
		D678184B216CD16D00E650DB /* Products */ = {
			isa = PBXGroup;
			children = (
				D678184A216CD16D00E650DB /* SIMplePhone.app */,
			);
			name = Products;
			sourceTree = "<group>";
		};
		D678184C216CD16D00E650DB /* SIMplePhone */ = {
			isa = PBXGroup;
			children = (
				D678184D216CD16D00E650DB /* AppDelegate.h */,
				D678184E216CD16D00E650DB /* AppDelegate.m */,
				D6781850216CD16D00E650DB /* FirstViewController.h */,
				D6781851216CD16D00E650DB /* FirstViewController.m */,
				D6781853216CD16D00E650DB /* SecondViewController.h */,
				D6781854216CD16D00E650DB /* SecondViewController.m */,
				D6781856216CD16D00E650DB /* Main.storyboard */,
				D6781859216CD16F00E650DB /* Assets.xcassets */,
				D678185B216CD16F00E650DB /* LaunchScreen.storyboard */,
				D678185E216CD16F00E650DB /* Info.plist */,
				D678185F216CD16F00E650DB /* main.m */,
			);
			path = SIMplePhone;
			sourceTree = "<group>";
		};
/* End PBXGroup section */

/* Begin PBXNativeTarget section */
		D6781849216CD16D00E650DB /* SIMplePhone */ = {
			isa = PBXNativeTarget;
			buildConfigurationList = D6781863216CD16F00E650DB /* Build configuration list for PBXNativeTarget "SIMplePhone" */;
			buildPhases = (
				D6781846216CD16D00E650DB /* Sources */,
				D6781847216CD16D00E650DB /* Frameworks */,
				D6781848216CD16D00E650DB /* Resources */,
			);
			buildRules = (
			);
			dependencies = (
			);
			name = SIMplePhone;
			productName = SIMplePhone;
			productReference = D678184A216CD16D00E650DB /* SIMplePhone.app */;
			productType = "com.apple.product-type.application";
		};
/* End PBXNativeTarget section */

/* Begin PBXProject section */
		D6781842216CD16D00E650DB /* Project object */ = {
			isa = PBXProject;
			attributes = {
				LastUpgradeCheck = 1000;
				ORGANIZATIONNAME = "Lukas Kuster";
				TargetAttributes = {
					D6781849216CD16D00E650DB = {
						CreatedOnToolsVersion = 10.0;
					};
				};
			};
			buildConfigurationList = D6781845216CD16D00E650DB /* Build configuration list for PBXProject "SIMplePhone" */;
			compatibilityVersion = "Xcode 9.3";
			developmentRegion = en;
			hasScannedForEncodings = 0;
			knownRegions = (
				en,
				Base,
			);
			mainGroup = D6781841216CD16D00E650DB;
			productRefGroup = D678184B216CD16D00E650DB /* Products */;
			projectDirPath = "";
			projectRoot = "";
			targets = (
				D6781849216CD16D00E650DB /* SIMplePhone */,
			);
		};
/* End PBXProject section */

/* Begin PBXResourcesBuildPhase section */
		D6781848216CD16D00E650DB /* Resources */ = {
			isa = PBXResourcesBuildPhase;
			buildActionMask = 2147483647;
			files = (
				D6781867216CD1B600E650DB /* .gitignore in Resources */,
				D678185D216CD16F00E650DB /* LaunchScreen.storyboard in Resources */,
				D678185A216CD16F00E650DB /* Assets.xcassets in Resources */,
				D6781858216CD16D00E650DB /* Main.storyboard in Resources */,
			);
			runOnlyForDeploymentPostprocessing = 0;
		};
/* End PBXResourcesBuildPhase section */

/* Begin PBXSourcesBuildPhase section */
		D6781846216CD16D00E650DB /* Sources */ = {
			isa = PBXSourcesBuildPhase;
			buildActionMask = 2147483647;
			files = (
				D6781855216CD16D00E650DB /* SecondViewController.m in Sources */,
				D678184F216CD16D00E650DB /* AppDelegate.m in Sources */,
				D6781860216CD16F00E650DB /* main.m in Sources */,
				D6781852216CD16D00E650DB /* FirstViewController.m in Sources */,
			);
			runOnlyForDeploymentPostprocessing = 0;
		};
/* End PBXSourcesBuildPhase section */

/* Begin PBXVariantGroup section */
		D6781856216CD16D00E650DB /* Main.storyboard */ = {
			isa = PBXVariantGroup;
			children = (
				D6781857216CD16D00E650DB /* Base */,
			);
			name = Main.storyboard;
			sourceTree = "<group>";
		};
		D678185B216CD16F00E650DB /* LaunchScreen.storyboard */ = {
			isa = PBXVariantGroup;
			children = (
				D678185C216CD16F00E650DB /* Base */,
			);
			name = LaunchScreen.storyboard;
			sourceTree = "<group>";
		};
/* End PBXVariantGroup section */

/* Begin XCBuildConfiguration section */
		D6781861216CD16F00E650DB /* Debug */ = {
			isa = XCBuildConfiguration;
			buildSettings = {
				ALWAYS_SEARCH_USER_PATHS = NO;
				CLANG_ANALYZER_NONNULL = YES;
				CLANG_ANALYZER_NUMBER_OBJECT_CONVERSION = YES_AGGRESSIVE;
				CLANG_CXX_LANGUAGE_STANDARD = "gnu++14";
				CLANG_CXX_LIBRARY = "libc++";
				CLANG_ENABLE_MODULES = YES;
				CLANG_ENABLE_OBJC_ARC = YES;
				CLANG_ENABLE_OBJC_WEAK = YES;
				CLANG_WARN_BLOCK_CAPTURE_AUTORELEASING = YES;
				CLANG_WARN_BOOL_CONVERSION = YES;
				CLANG_WARN_COMMA = YES;
				CLANG_WARN_CONSTANT_CONVERSION = YES;
				CLANG_WARN_DEPRECATED_OBJC_IMPLEMENTATIONS = YES;
				CLANG_WARN_DIRECT_OBJC_ISA_USAGE = YES_ERROR;
				CLANG_WARN_DOCUMENTATION_COMMENTS = YES;
				CLANG_WARN_EMPTY_BODY = YES;
				CLANG_WARN_ENUM_CONVERSION = YES;
				CLANG_WARN_INFINITE_RECURSION = YES;
				CLANG_WARN_INT_CONVERSION = YES;
				CLANG_WARN_NON_LITERAL_NULL_CONVERSION = YES;
				CLANG_WARN_OBJC_IMPLICIT_RETAIN_SELF = YES;
				CLANG_WARN_OBJC_LITERAL_CONVERSION = YES;
				CLANG_WARN_OBJC_ROOT_CLASS = YES_ERROR;
				CLANG_WARN_RANGE_LOOP_ANALYSIS = YES;
				CLANG_WARN_STRICT_PROTOTYPES = YES;
				CLANG_WARN_SUSPICIOUS_MOVE = YES;
				CLANG_WARN_UNGUARDED_AVAILABILITY = YES_AGGRESSIVE;
				CLANG_WARN_UNREACHABLE_CODE = YES;
				CLANG_WARN__DUPLICATE_METHOD_MATCH = YES;
				CODE_SIGN_IDENTITY = "iPhone Developer";
				COPY_PHASE_STRIP = NO;
				DEBUG_INFORMATION_FORMAT = dwarf;
				ENABLE_STRICT_OBJC_MSGSEND = YES;
				ENABLE_TESTABILITY = YES;
				GCC_C_LANGUAGE_STANDARD = gnu11;
				GCC_DYNAMIC_NO_PIC = NO;
				GCC_NO_COMMON_BLOCKS = YES;
				GCC_OPTIMIZATION_LEVEL = 0;
				GCC_PREPROCESSOR_DEFINITIONS = (
					"DEBUG=1",
					"$(inherited)",
				);
				GCC_WARN_64_TO_32_BIT_CONVERSION = YES;
				GCC_WARN_ABOUT_RETURN_TYPE = YES_ERROR;
				GCC_WARN_UNDECLARED_SELECTOR = YES;
				GCC_WARN_UNINITIALIZED_AUTOS = YES_AGGRESSIVE;
				GCC_WARN_UNUSED_FUNCTION = YES;
				GCC_WARN_UNUSED_VARIABLE = YES;
				IPHONEOS_DEPLOYMENT_TARGET = 12.0;
				MTL_ENABLE_DEBUG_INFO = INCLUDE_SOURCE;
				MTL_FAST_MATH = YES;
				ONLY_ACTIVE_ARCH = YES;
				SDKROOT = iphoneos;
			};
			name = Debug;
		};
		D6781862216CD16F00E650DB /* Release */ = {
			isa = XCBuildConfiguration;
			buildSettings = {
				ALWAYS_SEARCH_USER_PATHS = NO;
				CLANG_ANALYZER_NONNULL = YES;
				CLANG_ANALYZER_NUMBER_OBJECT_CONVERSION = YES_AGGRESSIVE;
				CLANG_CXX_LANGUAGE_STANDARD = "gnu++14";
				CLANG_CXX_LIBRARY = "libc++";
				CLANG_ENABLE_MODULES = YES;
				CLANG_ENABLE_OBJC_ARC = YES;
				CLANG_ENABLE_OBJC_WEAK = YES;
				CLANG_WARN_BLOCK_CAPTURE_AUTORELEASING = YES;
				CLANG_WARN_BOOL_CONVERSION = YES;
				CLANG_WARN_COMMA = YES;
				CLANG_WARN_CONSTANT_CONVERSION = YES;
				CLANG_WARN_DEPRECATED_OBJC_IMPLEMENTATIONS = YES;
				CLANG_WARN_DIRECT_OBJC_ISA_USAGE = YES_ERROR;
				CLANG_WARN_DOCUMENTATION_COMMENTS = YES;
				CLANG_WARN_EMPTY_BODY = YES;
				CLANG_WARN_ENUM_CONVERSION = YES;
				CLANG_WARN_INFINITE_RECURSION = YES;
				CLANG_WARN_INT_CONVERSION = YES;
				CLANG_WARN_NON_LITERAL_NULL_CONVERSION = YES;
				CLANG_WARN_OBJC_IMPLICIT_RETAIN_SELF = YES;
				CLANG_WARN_OBJC_LITERAL_CONVERSION = YES;
				CLANG_WARN_OBJC_ROOT_CLASS = YES_ERROR;
				CLANG_WARN_RANGE_LOOP_ANALYSIS = YES;
				CLANG_WARN_STRICT_PROTOTYPES = YES;
				CLANG_WARN_SUSPICIOUS_MOVE = YES;
				CLANG_WARN_UNGUARDED_AVAILABILITY = YES_AGGRESSIVE;
				CLANG_WARN_UNREACHABLE_CODE = YES;
				CLANG_WARN__DUPLICATE_METHOD_MATCH = YES;
				CODE_SIGN_IDENTITY = "iPhone Developer";
				COPY_PHASE_STRIP = NO;
				DEBUG_INFORMATION_FORMAT = "dwarf-with-dsym";
				ENABLE_NS_ASSERTIONS = NO;
				ENABLE_STRICT_OBJC_MSGSEND = YES;
				GCC_C_LANGUAGE_STANDARD = gnu11;
				GCC_NO_COMMON_BLOCKS = YES;
				GCC_WARN_64_TO_32_BIT_CONVERSION = YES;
				GCC_WARN_ABOUT_RETURN_TYPE = YES_ERROR;
				GCC_WARN_UNDECLARED_SELECTOR = YES;
				GCC_WARN_UNINITIALIZED_AUTOS = YES_AGGRESSIVE;
				GCC_WARN_UNUSED_FUNCTION = YES;
				GCC_WARN_UNUSED_VARIABLE = YES;
				IPHONEOS_DEPLOYMENT_TARGET = 12.0;
				MTL_ENABLE_DEBUG_INFO = NO;
				MTL_FAST_MATH = YES;
				SDKROOT = iphoneos;
				VALIDATE_PRODUCT = YES;
			};
			name = Release;
		};
		D6781864216CD16F00E650DB /* Debug */ = {
			isa = XCBuildConfiguration;
			buildSettings = {
				ASSETCATALOG_COMPILER_APPICON_NAME = AppIcon;
				CODE_SIGN_STYLE = Automatic;
				DEVELOPMENT_TEAM = UBFF39V752;
				INFOPLIST_FILE = SIMplePhone/Info.plist;
				LD_RUNPATH_SEARCH_PATHS = (
					"$(inherited)",
					"@executable_path/Frameworks",
				);
				PRODUCT_BUNDLE_IDENTIFIER = com.lukaskuster.diplomarbeit.SIMplePhone;
				PRODUCT_NAME = "$(TARGET_NAME)";
				TARGETED_DEVICE_FAMILY = "1,2";
			};
			name = Debug;
		};
		D6781865216CD16F00E650DB /* Release */ = {
			isa = XCBuildConfiguration;
			buildSettings = {
				ASSETCATALOG_COMPILER_APPICON_NAME = AppIcon;
				CODE_SIGN_STYLE = Automatic;
				DEVELOPMENT_TEAM = UBFF39V752;
				INFOPLIST_FILE = SIMplePhone/Info.plist;
				LD_RUNPATH_SEARCH_PATHS = (
					"$(inherited)",
					"@executable_path/Frameworks",
				);
				PRODUCT_BUNDLE_IDENTIFIER = com.lukaskuster.diplomarbeit.SIMplePhone;
				PRODUCT_NAME = "$(TARGET_NAME)";
				TARGETED_DEVICE_FAMILY = "1,2";
			};
			name = Release;
		};
/* End XCBuildConfiguration section */

/* Begin XCConfigurationList section */
		D6781845216CD16D00E650DB /* Build configuration list for PBXProject "SIMplePhone" */ = {
			isa = XCConfigurationList;
			buildConfigurations = (
				D6781861216CD16F00E650DB /* Debug */,
				D6781862216CD16F00E650DB /* Release */,
			);
			defaultConfigurationIsVisible = 0;
			defaultConfigurationName = Release;
		};
		D6781863216CD16F00E650DB /* Build configuration list for PBXNativeTarget "SIMplePhone" */ = {
			isa = XCConfigurationList;
			buildConfigurations = (
				D6781864216CD16F00E650DB /* Debug */,
				D6781865216CD16F00E650DB /* Release */,
			);
			defaultConfigurationIsVisible = 0;
			defaultConfigurationName = Release;
		};
/* End XCConfigurationList section */
	};
	rootObject = D6781842216CD16D00E650DB /* Project object */;
}
