// !$*UTF8*$!
{
	archiveVersion = 1;
	classes = {
	};
	objectVersion = 50;
	objects = {

/* Begin PBXBuildFile section */
		D678184F216CD16D00E650DB /* AppDelegate.m in Sources */ = {isa = PBXBuildFile; fileRef = D678184E216CD16D00E650DB /* AppDelegate.m */; };
		D6781858216CD16D00E650DB /* Main.storyboard in Resources */ = {isa = PBXBuildFile; fileRef = D6781856216CD16D00E650DB /* Main.storyboard */; };
		D678185D216CD16F00E650DB /* LaunchScreen.storyboard in Resources */ = {isa = PBXBuildFile; fileRef = D678185B216CD16F00E650DB /* LaunchScreen.storyboard */; };
		D6781860216CD16F00E650DB /* main.m in Sources */ = {isa = PBXBuildFile; fileRef = D678185F216CD16F00E650DB /* main.m */; };
		D6781867216CD1B600E650DB /* .gitignore in Resources */ = {isa = PBXBuildFile; fileRef = D6781866216CD1B600E650DB /* .gitignore */; };
		D6781869216CD80000E650DB /* Assets.xcassets in Resources */ = {isa = PBXBuildFile; fileRef = D6781868216CD80000E650DB /* Assets.xcassets */; };
		D678186F216CE22400E650DB /* ContactsTableViewController.m in Sources */ = {isa = PBXBuildFile; fileRef = D678186E216CE22400E650DB /* ContactsTableViewController.m */; };
		D6781876216F432900E650DB /* ChatsTableViewController.m in Sources */ = {isa = PBXBuildFile; fileRef = D6781875216F432900E650DB /* ChatsTableViewController.m */; };
		D6781879216F465700E650DB /* ChatPreviewTableViewCell.m in Sources */ = {isa = PBXBuildFile; fileRef = D6781878216F465700E650DB /* ChatPreviewTableViewCell.m */; };
		D67818832176097C00E650DB /* SMSChat.m in Sources */ = {isa = PBXBuildFile; fileRef = D67818822176097C00E650DB /* SMSChat.m */; };
		D678188A21777B4800E650DB /* Voicemail.swift in Sources */ = {isa = PBXBuildFile; fileRef = D678188921777B4800E650DB /* Voicemail.swift */; };
		D678188C2178537100E650DB /* Gateway.swift in Sources */ = {isa = PBXBuildFile; fileRef = D678188B2178537100E650DB /* Gateway.swift */; };
		D678188E2178549200E650DB /* VoicemailTableViewController.swift in Sources */ = {isa = PBXBuildFile; fileRef = D678188D2178549200E650DB /* VoicemailTableViewController.swift */; };
		D67818902178572500E650DB /* VoicemailTableViewCell.swift in Sources */ = {isa = PBXBuildFile; fileRef = D678188F2178572500E650DB /* VoicemailTableViewCell.swift */; };
		D67818922178860C00E650DB /* SelectedVoicemailTableViewCell.swift in Sources */ = {isa = PBXBuildFile; fileRef = D67818912178860C00E650DB /* SelectedVoicemailTableViewCell.swift */; };
		D678189421788C8200E650DB /* Cartfile in Resources */ = {isa = PBXBuildFile; fileRef = D678189321788C8200E650DB /* Cartfile */; };
		D678189821788E8A00E650DB /* Starscream.framework in Frameworks */ = {isa = PBXBuildFile; fileRef = D678189621788E8A00E650DB /* Starscream.framework */; };
		D678189921788E8A00E650DB /* Starscream.framework in Embed Frameworks */ = {isa = PBXBuildFile; fileRef = D678189621788E8A00E650DB /* Starscream.framework */; settings = {ATTRIBUTES = (CodeSignOnCopy, RemoveHeadersOnCopy, ); }; };
		D678189A21788E8A00E650DB /* SocketIO.framework in Frameworks */ = {isa = PBXBuildFile; fileRef = D678189721788E8A00E650DB /* SocketIO.framework */; };
		D678189B21788E8A00E650DB /* SocketIO.framework in Embed Frameworks */ = {isa = PBXBuildFile; fileRef = D678189721788E8A00E650DB /* SocketIO.framework */; settings = {ATTRIBUTES = (CodeSignOnCopy, RemoveHeadersOnCopy, ); }; };
		D67818A72178929B00E650DB /* SIMplePhoneKit.h in Headers */ = {isa = PBXBuildFile; fileRef = D67818A52178929B00E650DB /* SIMplePhoneKit.h */; settings = {ATTRIBUTES = (Public, ); }; };
		D67818AA2178929B00E650DB /* SIMplePhoneKit.framework in Frameworks */ = {isa = PBXBuildFile; fileRef = D67818A32178929B00E650DB /* SIMplePhoneKit.framework */; };
		D67818AB2178929B00E650DB /* SIMplePhoneKit.framework in Embed Frameworks */ = {isa = PBXBuildFile; fileRef = D67818A32178929B00E650DB /* SIMplePhoneKit.framework */; settings = {ATTRIBUTES = (CodeSignOnCopy, RemoveHeadersOnCopy, ); }; };
		D67818B021789CB200E650DB /* ICEExchange.swift in Sources */ = {isa = PBXBuildFile; fileRef = D67818AF21789CB200E650DB /* ICEExchange.swift */; };
		D67818B121789D4100E650DB /* SocketIO.framework in Frameworks */ = {isa = PBXBuildFile; fileRef = D678189721788E8A00E650DB /* SocketIO.framework */; };
		D67818B221789D4100E650DB /* Starscream.framework in Frameworks */ = {isa = PBXBuildFile; fileRef = D678189621788E8A00E650DB /* Starscream.framework */; };
/* End PBXBuildFile section */

/* Begin PBXContainerItemProxy section */
		D67818A82178929B00E650DB /* PBXContainerItemProxy */ = {
			isa = PBXContainerItemProxy;
			containerPortal = D6781842216CD16D00E650DB /* Project object */;
			proxyType = 1;
			remoteGlobalIDString = D67818A22178929B00E650DB;
			remoteInfo = SIMplePhoneKit;
		};
/* End PBXContainerItemProxy section */

/* Begin PBXCopyFilesBuildPhase section */
		D678189C21788E8B00E650DB /* Embed Frameworks */ = {
			isa = PBXCopyFilesBuildPhase;
			buildActionMask = 2147483647;
			dstPath = "";
			dstSubfolderSpec = 10;
			files = (
				D67818AB2178929B00E650DB /* SIMplePhoneKit.framework in Embed Frameworks */,
				D678189921788E8A00E650DB /* Starscream.framework in Embed Frameworks */,
				D678189B21788E8A00E650DB /* SocketIO.framework in Embed Frameworks */,
			);
			name = "Embed Frameworks";
			runOnlyForDeploymentPostprocessing = 0;
		};
/* End PBXCopyFilesBuildPhase section */

/* Begin PBXFileReference section */
		D678184A216CD16D00E650DB /* SIMplePhone.app */ = {isa = PBXFileReference; explicitFileType = wrapper.application; includeInIndex = 0; path = SIMplePhone.app; sourceTree = BUILT_PRODUCTS_DIR; };
		D678184D216CD16D00E650DB /* AppDelegate.h */ = {isa = PBXFileReference; lastKnownFileType = sourcecode.c.h; path = AppDelegate.h; sourceTree = "<group>"; };
		D678184E216CD16D00E650DB /* AppDelegate.m */ = {isa = PBXFileReference; lastKnownFileType = sourcecode.c.objc; path = AppDelegate.m; sourceTree = "<group>"; };
		D6781857216CD16D00E650DB /* Base */ = {isa = PBXFileReference; lastKnownFileType = file.storyboard; name = Base; path = Base.lproj/Main.storyboard; sourceTree = "<group>"; };
		D678185C216CD16F00E650DB /* Base */ = {isa = PBXFileReference; lastKnownFileType = file.storyboard; name = Base; path = Base.lproj/LaunchScreen.storyboard; sourceTree = "<group>"; };
		D678185E216CD16F00E650DB /* Info.plist */ = {isa = PBXFileReference; lastKnownFileType = text.plist.xml; path = Info.plist; sourceTree = "<group>"; };
		D678185F216CD16F00E650DB /* main.m */ = {isa = PBXFileReference; lastKnownFileType = sourcecode.c.objc; path = main.m; sourceTree = "<group>"; };
		D6781866216CD1B600E650DB /* .gitignore */ = {isa = PBXFileReference; lastKnownFileType = text; path = .gitignore; sourceTree = "<group>"; };
		D6781868216CD80000E650DB /* Assets.xcassets */ = {isa = PBXFileReference; lastKnownFileType = folder.assetcatalog; path = Assets.xcassets; sourceTree = "<group>"; };
		D678186D216CE22400E650DB /* ContactsTableViewController.h */ = {isa = PBXFileReference; lastKnownFileType = sourcecode.c.h; path = ContactsTableViewController.h; sourceTree = "<group>"; };
		D678186E216CE22400E650DB /* ContactsTableViewController.m */ = {isa = PBXFileReference; lastKnownFileType = sourcecode.c.objc; path = ContactsTableViewController.m; sourceTree = "<group>"; };
		D6781874216F432900E650DB /* ChatsTableViewController.h */ = {isa = PBXFileReference; lastKnownFileType = sourcecode.c.h; path = ChatsTableViewController.h; sourceTree = "<group>"; };
		D6781875216F432900E650DB /* ChatsTableViewController.m */ = {isa = PBXFileReference; lastKnownFileType = sourcecode.c.objc; path = ChatsTableViewController.m; sourceTree = "<group>"; };
		D6781877216F465700E650DB /* ChatPreviewTableViewCell.h */ = {isa = PBXFileReference; lastKnownFileType = sourcecode.c.h; path = ChatPreviewTableViewCell.h; sourceTree = "<group>"; };
		D6781878216F465700E650DB /* ChatPreviewTableViewCell.m */ = {isa = PBXFileReference; lastKnownFileType = sourcecode.c.objc; path = ChatPreviewTableViewCell.m; sourceTree = "<group>"; };
		D67818812176097C00E650DB /* SMSChat.h */ = {isa = PBXFileReference; lastKnownFileType = sourcecode.c.h; path = SMSChat.h; sourceTree = "<group>"; };
		D67818822176097C00E650DB /* SMSChat.m */ = {isa = PBXFileReference; lastKnownFileType = sourcecode.c.objc; path = SMSChat.m; sourceTree = "<group>"; };
		D678188821777B4800E650DB /* SIMplePhone-Bridging-Header.h */ = {isa = PBXFileReference; lastKnownFileType = sourcecode.c.h; path = "SIMplePhone-Bridging-Header.h"; sourceTree = "<group>"; };
		D678188921777B4800E650DB /* Voicemail.swift */ = {isa = PBXFileReference; lastKnownFileType = sourcecode.swift; path = Voicemail.swift; sourceTree = "<group>"; };
		D678188B2178537100E650DB /* Gateway.swift */ = {isa = PBXFileReference; lastKnownFileType = sourcecode.swift; path = Gateway.swift; sourceTree = "<group>"; };
		D678188D2178549200E650DB /* VoicemailTableViewController.swift */ = {isa = PBXFileReference; lastKnownFileType = sourcecode.swift; path = VoicemailTableViewController.swift; sourceTree = "<group>"; };
		D678188F2178572500E650DB /* VoicemailTableViewCell.swift */ = {isa = PBXFileReference; lastKnownFileType = sourcecode.swift; path = VoicemailTableViewCell.swift; sourceTree = "<group>"; };
		D67818912178860C00E650DB /* SelectedVoicemailTableViewCell.swift */ = {isa = PBXFileReference; lastKnownFileType = sourcecode.swift; path = SelectedVoicemailTableViewCell.swift; sourceTree = "<group>"; };
		D678189321788C8200E650DB /* Cartfile */ = {isa = PBXFileReference; lastKnownFileType = text; path = Cartfile; sourceTree = "<group>"; };
		D678189621788E8A00E650DB /* Starscream.framework */ = {isa = PBXFileReference; lastKnownFileType = wrapper.framework; name = Starscream.framework; path = Carthage/Build/iOS/Starscream.framework; sourceTree = "<group>"; };
		D678189721788E8A00E650DB /* SocketIO.framework */ = {isa = PBXFileReference; lastKnownFileType = wrapper.framework; name = SocketIO.framework; path = Carthage/Build/iOS/SocketIO.framework; sourceTree = "<group>"; };
		D67818A32178929B00E650DB /* SIMplePhoneKit.framework */ = {isa = PBXFileReference; explicitFileType = wrapper.framework; includeInIndex = 0; path = SIMplePhoneKit.framework; sourceTree = BUILT_PRODUCTS_DIR; };
		D67818A52178929B00E650DB /* SIMplePhoneKit.h */ = {isa = PBXFileReference; lastKnownFileType = sourcecode.c.h; path = SIMplePhoneKit.h; sourceTree = "<group>"; };
		D67818A62178929B00E650DB /* Info.plist */ = {isa = PBXFileReference; lastKnownFileType = text.plist.xml; path = Info.plist; sourceTree = "<group>"; };
		D67818AF21789CB200E650DB /* ICEExchange.swift */ = {isa = PBXFileReference; lastKnownFileType = sourcecode.swift; path = ICEExchange.swift; sourceTree = "<group>"; };
/* End PBXFileReference section */

/* Begin PBXFrameworksBuildPhase section */
		D6781847216CD16D00E650DB /* Frameworks */ = {
			isa = PBXFrameworksBuildPhase;
			buildActionMask = 2147483647;
			files = (
				D67818AA2178929B00E650DB /* SIMplePhoneKit.framework in Frameworks */,
				D678189821788E8A00E650DB /* Starscream.framework in Frameworks */,
				D678189A21788E8A00E650DB /* SocketIO.framework in Frameworks */,
			);
			runOnlyForDeploymentPostprocessing = 0;
		};
		D67818A02178929B00E650DB /* Frameworks */ = {
			isa = PBXFrameworksBuildPhase;
			buildActionMask = 2147483647;
			files = (
				D67818B121789D4100E650DB /* SocketIO.framework in Frameworks */,
				D67818B221789D4100E650DB /* Starscream.framework in Frameworks */,
			);
			runOnlyForDeploymentPostprocessing = 0;
		};
/* End PBXFrameworksBuildPhase section */

/* Begin PBXGroup section */
		D6781841216CD16D00E650DB = {
			isa = PBXGroup;
			children = (
				D678184C216CD16D00E650DB /* SIMplePhone */,
				D67818A42178929B00E650DB /* SIMplePhoneKit */,
				D6781866216CD1B600E650DB /* .gitignore */,
				D678189321788C8200E650DB /* Cartfile */,
				D678184B216CD16D00E650DB /* Products */,
				D6781871216CE7E600E650DB /* Frameworks */,
			);
			sourceTree = "<group>";
		};
		D678184B216CD16D00E650DB /* Products */ = {
			isa = PBXGroup;
			children = (
				D678184A216CD16D00E650DB /* SIMplePhone.app */,
				D67818A32178929B00E650DB /* SIMplePhoneKit.framework */,
			);
			name = Products;
			sourceTree = "<group>";
		};
		D678184C216CD16D00E650DB /* SIMplePhone */ = {
			isa = PBXGroup;
			children = (
				D6781884217617B200E650DB /* Controllers */,
				D67818862176180100E650DB /* Models */,
				D6781885217617F600E650DB /* Views */,
				D67818872176180700E650DB /* SupportFiles */,
				D678188821777B4800E650DB /* SIMplePhone-Bridging-Header.h */,
			);
			path = SIMplePhone;
			sourceTree = "<group>";
		};
		D6781871216CE7E600E650DB /* Frameworks */ = {
			isa = PBXGroup;
			children = (
				D678189721788E8A00E650DB /* SocketIO.framework */,
				D678189621788E8A00E650DB /* Starscream.framework */,
			);
			name = Frameworks;
			sourceTree = "<group>";
		};
		D6781884217617B200E650DB /* Controllers */ = {
			isa = PBXGroup;
			children = (
				D6781874216F432900E650DB /* ChatsTableViewController.h */,
				D6781875216F432900E650DB /* ChatsTableViewController.m */,
				D678186D216CE22400E650DB /* ContactsTableViewController.h */,
				D678186E216CE22400E650DB /* ContactsTableViewController.m */,
				D678188D2178549200E650DB /* VoicemailTableViewController.swift */,
			);
			path = Controllers;
			sourceTree = "<group>";
		};
		D6781885217617F600E650DB /* Views */ = {
			isa = PBXGroup;
			children = (
				D6781877216F465700E650DB /* ChatPreviewTableViewCell.h */,
				D6781878216F465700E650DB /* ChatPreviewTableViewCell.m */,
				D678188F2178572500E650DB /* VoicemailTableViewCell.swift */,
				D67818912178860C00E650DB /* SelectedVoicemailTableViewCell.swift */,
			);
			path = Views;
			sourceTree = "<group>";
		};
		D67818862176180100E650DB /* Models */ = {
			isa = PBXGroup;
			children = (
				D67818812176097C00E650DB /* SMSChat.h */,
				D67818822176097C00E650DB /* SMSChat.m */,
				D678188921777B4800E650DB /* Voicemail.swift */,
				D678188B2178537100E650DB /* Gateway.swift */,
			);
			path = Models;
			sourceTree = "<group>";
		};
		D67818872176180700E650DB /* SupportFiles */ = {
			isa = PBXGroup;
			children = (
				D678185E216CD16F00E650DB /* Info.plist */,
				D678185F216CD16F00E650DB /* main.m */,
				D678184D216CD16D00E650DB /* AppDelegate.h */,
				D678184E216CD16D00E650DB /* AppDelegate.m */,
				D6781868216CD80000E650DB /* Assets.xcassets */,
				D6781856216CD16D00E650DB /* Main.storyboard */,
				D678185B216CD16F00E650DB /* LaunchScreen.storyboard */,
			);
			path = SupportFiles;
			sourceTree = "<group>";
		};
		D67818A42178929B00E650DB /* SIMplePhoneKit */ = {
			isa = PBXGroup;
			children = (
				D67818A52178929B00E650DB /* SIMplePhoneKit.h */,
				D67818A62178929B00E650DB /* Info.plist */,
				D67818AF21789CB200E650DB /* ICEExchange.swift */,
			);
			path = SIMplePhoneKit;
			sourceTree = "<group>";
		};
/* End PBXGroup section */

/* Begin PBXHeadersBuildPhase section */
		D678189E2178929B00E650DB /* Headers */ = {
			isa = PBXHeadersBuildPhase;
			buildActionMask = 2147483647;
			files = (
				D67818A72178929B00E650DB /* SIMplePhoneKit.h in Headers */,
			);
			runOnlyForDeploymentPostprocessing = 0;
		};
/* End PBXHeadersBuildPhase section */

/* Begin PBXNativeTarget section */
		D6781849216CD16D00E650DB /* SIMplePhone */ = {
			isa = PBXNativeTarget;
			buildConfigurationList = D6781863216CD16F00E650DB /* Build configuration list for PBXNativeTarget "SIMplePhone" */;
			buildPhases = (
				D6781846216CD16D00E650DB /* Sources */,
				D6781847216CD16D00E650DB /* Frameworks */,
				D6781848216CD16D00E650DB /* Resources */,
				D678189C21788E8B00E650DB /* Embed Frameworks */,
				D678189521788E2800E650DB /* Carthage */,
			);
			buildRules = (
			);
			dependencies = (
				D67818A92178929B00E650DB /* PBXTargetDependency */,
			);
			name = SIMplePhone;
			productName = SIMplePhone;
			productReference = D678184A216CD16D00E650DB /* SIMplePhone.app */;
			productType = "com.apple.product-type.application";
		};
		D67818A22178929B00E650DB /* SIMplePhoneKit */ = {
			isa = PBXNativeTarget;
			buildConfigurationList = D67818AC2178929B00E650DB /* Build configuration list for PBXNativeTarget "SIMplePhoneKit" */;
			buildPhases = (
				D678189E2178929B00E650DB /* Headers */,
				D678189F2178929B00E650DB /* Sources */,
				D67818A02178929B00E650DB /* Frameworks */,
				D67818A12178929B00E650DB /* Resources */,
			);
			buildRules = (
			);
			dependencies = (
			);
			name = SIMplePhoneKit;
			productName = SIMplePhoneKit;
			productReference = D67818A32178929B00E650DB /* SIMplePhoneKit.framework */;
			productType = "com.apple.product-type.framework";
		};
/* End PBXNativeTarget section */

/* Begin PBXProject section */
		D6781842216CD16D00E650DB /* Project object */ = {
			isa = PBXProject;
			attributes = {
				LastUpgradeCheck = 1000;
				ORGANIZATIONNAME = "Lukas Kuster";
				TargetAttributes = {
					D6781849216CD16D00E650DB = {
						CreatedOnToolsVersion = 10.0;
						LastSwiftMigration = 1000;
					};
					D67818A22178929B00E650DB = {
						CreatedOnToolsVersion = 10.0;
						LastSwiftMigration = 1000;
					};
				};
			};
			buildConfigurationList = D6781845216CD16D00E650DB /* Build configuration list for PBXProject "SIMplePhone" */;
			compatibilityVersion = "Xcode 9.3";
			developmentRegion = en;
			hasScannedForEncodings = 0;
			knownRegions = (
				en,
				Base,
			);
			mainGroup = D6781841216CD16D00E650DB;
			productRefGroup = D678184B216CD16D00E650DB /* Products */;
			projectDirPath = "";
			projectRoot = "";
			targets = (
				D6781849216CD16D00E650DB /* SIMplePhone */,
				D67818A22178929B00E650DB /* SIMplePhoneKit */,
			);
		};
/* End PBXProject section */

/* Begin PBXResourcesBuildPhase section */
		D6781848216CD16D00E650DB /* Resources */ = {
			isa = PBXResourcesBuildPhase;
			buildActionMask = 2147483647;
			files = (
				D678189421788C8200E650DB /* Cartfile in Resources */,
				D6781867216CD1B600E650DB /* .gitignore in Resources */,
				D678185D216CD16F00E650DB /* LaunchScreen.storyboard in Resources */,
				D6781869216CD80000E650DB /* Assets.xcassets in Resources */,
				D6781858216CD16D00E650DB /* Main.storyboard in Resources */,
			);
			runOnlyForDeploymentPostprocessing = 0;
		};
		D67818A12178929B00E650DB /* Resources */ = {
			isa = PBXResourcesBuildPhase;
			buildActionMask = 2147483647;
			files = (
			);
			runOnlyForDeploymentPostprocessing = 0;
		};
/* End PBXResourcesBuildPhase section */

/* Begin PBXShellScriptBuildPhase section */
		D678189521788E2800E650DB /* Carthage */ = {
			isa = PBXShellScriptBuildPhase;
			buildActionMask = 2147483647;
			files = (
			);
			inputFileListPaths = (
			);
			inputPaths = (
				"$(SRCROOT)/Carthage/Build/iOS/SocketIO.framework",
				"$(SRCROOT)/Carthage/Build/iOS/Starscream.framework",
			);
			name = Carthage;
			outputFileListPaths = (
			);
			outputPaths = (
			);
			runOnlyForDeploymentPostprocessing = 0;
			shellPath = /bin/sh;
			shellScript = "/usr/local/bin/carthage copy-frameworks\n";
		};
/* End PBXShellScriptBuildPhase section */

/* Begin PBXSourcesBuildPhase section */
		D6781846216CD16D00E650DB /* Sources */ = {
			isa = PBXSourcesBuildPhase;
			buildActionMask = 2147483647;
			files = (
				D678184F216CD16D00E650DB /* AppDelegate.m in Sources */,
				D678186F216CE22400E650DB /* ContactsTableViewController.m in Sources */,
				D678188C2178537100E650DB /* Gateway.swift in Sources */,
				D678188A21777B4800E650DB /* Voicemail.swift in Sources */,
				D678188E2178549200E650DB /* VoicemailTableViewController.swift in Sources */,
				D67818902178572500E650DB /* VoicemailTableViewCell.swift in Sources */,
				D6781860216CD16F00E650DB /* main.m in Sources */,
				D6781876216F432900E650DB /* ChatsTableViewController.m in Sources */,
				D6781879216F465700E650DB /* ChatPreviewTableViewCell.m in Sources */,
				D67818922178860C00E650DB /* SelectedVoicemailTableViewCell.swift in Sources */,
				D67818832176097C00E650DB /* SMSChat.m in Sources */,
			);
			runOnlyForDeploymentPostprocessing = 0;
		};
		D678189F2178929B00E650DB /* Sources */ = {
			isa = PBXSourcesBuildPhase;
			buildActionMask = 2147483647;
			files = (
				D67818B021789CB200E650DB /* ICEExchange.swift in Sources */,
			);
			runOnlyForDeploymentPostprocessing = 0;
		};
/* End PBXSourcesBuildPhase section */

/* Begin PBXTargetDependency section */
		D67818A92178929B00E650DB /* PBXTargetDependency */ = {
			isa = PBXTargetDependency;
			target = D67818A22178929B00E650DB /* SIMplePhoneKit */;
			targetProxy = D67818A82178929B00E650DB /* PBXContainerItemProxy */;
		};
/* End PBXTargetDependency section */

/* Begin PBXVariantGroup section */
		D6781856216CD16D00E650DB /* Main.storyboard */ = {
			isa = PBXVariantGroup;
			children = (
				D6781857216CD16D00E650DB /* Base */,
			);
			name = Main.storyboard;
			sourceTree = "<group>";
		};
		D678185B216CD16F00E650DB /* LaunchScreen.storyboard */ = {
			isa = PBXVariantGroup;
			children = (
				D678185C216CD16F00E650DB /* Base */,
			);
			name = LaunchScreen.storyboard;
			sourceTree = "<group>";
		};
/* End PBXVariantGroup section */

/* Begin XCBuildConfiguration section */
		D6781861216CD16F00E650DB /* Debug */ = {
			isa = XCBuildConfiguration;
			buildSettings = {
				ALWAYS_SEARCH_USER_PATHS = NO;
				CLANG_ANALYZER_NONNULL = YES;
				CLANG_ANALYZER_NUMBER_OBJECT_CONVERSION = YES_AGGRESSIVE;
				CLANG_CXX_LANGUAGE_STANDARD = "gnu++14";
				CLANG_CXX_LIBRARY = "libc++";
				CLANG_ENABLE_MODULES = YES;
				CLANG_ENABLE_OBJC_ARC = YES;
				CLANG_ENABLE_OBJC_WEAK = YES;
				CLANG_WARN_BLOCK_CAPTURE_AUTORELEASING = YES;
				CLANG_WARN_BOOL_CONVERSION = YES;
				CLANG_WARN_COMMA = YES;
				CLANG_WARN_CONSTANT_CONVERSION = YES;
				CLANG_WARN_DEPRECATED_OBJC_IMPLEMENTATIONS = YES;
				CLANG_WARN_DIRECT_OBJC_ISA_USAGE = YES_ERROR;
				CLANG_WARN_DOCUMENTATION_COMMENTS = YES;
				CLANG_WARN_EMPTY_BODY = YES;
				CLANG_WARN_ENUM_CONVERSION = YES;
				CLANG_WARN_INFINITE_RECURSION = YES;
				CLANG_WARN_INT_CONVERSION = YES;
				CLANG_WARN_NON_LITERAL_NULL_CONVERSION = YES;
				CLANG_WARN_OBJC_IMPLICIT_RETAIN_SELF = YES;
				CLANG_WARN_OBJC_LITERAL_CONVERSION = YES;
				CLANG_WARN_OBJC_ROOT_CLASS = YES_ERROR;
				CLANG_WARN_RANGE_LOOP_ANALYSIS = YES;
				CLANG_WARN_STRICT_PROTOTYPES = YES;
				CLANG_WARN_SUSPICIOUS_MOVE = YES;
				CLANG_WARN_UNGUARDED_AVAILABILITY = YES_AGGRESSIVE;
				CLANG_WARN_UNREACHABLE_CODE = YES;
				CLANG_WARN__DUPLICATE_METHOD_MATCH = YES;
				CODE_SIGN_IDENTITY = "iPhone Developer";
				COPY_PHASE_STRIP = NO;
				DEBUG_INFORMATION_FORMAT = dwarf;
				ENABLE_STRICT_OBJC_MSGSEND = YES;
				ENABLE_TESTABILITY = YES;
				GCC_C_LANGUAGE_STANDARD = gnu11;
				GCC_DYNAMIC_NO_PIC = NO;
				GCC_NO_COMMON_BLOCKS = YES;
				GCC_OPTIMIZATION_LEVEL = 0;
				GCC_PREPROCESSOR_DEFINITIONS = (
					"DEBUG=1",
					"$(inherited)",
				);
				GCC_WARN_64_TO_32_BIT_CONVERSION = YES;
				GCC_WARN_ABOUT_RETURN_TYPE = YES_ERROR;
				GCC_WARN_UNDECLARED_SELECTOR = YES;
				GCC_WARN_UNINITIALIZED_AUTOS = YES_AGGRESSIVE;
				GCC_WARN_UNUSED_FUNCTION = YES;
				GCC_WARN_UNUSED_VARIABLE = YES;
				IPHONEOS_DEPLOYMENT_TARGET = 12.0;
				MTL_ENABLE_DEBUG_INFO = INCLUDE_SOURCE;
				MTL_FAST_MATH = YES;
				ONLY_ACTIVE_ARCH = YES;
				SDKROOT = iphoneos;
			};
			name = Debug;
		};
		D6781862216CD16F00E650DB /* Release */ = {
			isa = XCBuildConfiguration;
			buildSettings = {
				ALWAYS_SEARCH_USER_PATHS = NO;
				CLANG_ANALYZER_NONNULL = YES;
				CLANG_ANALYZER_NUMBER_OBJECT_CONVERSION = YES_AGGRESSIVE;
				CLANG_CXX_LANGUAGE_STANDARD = "gnu++14";
				CLANG_CXX_LIBRARY = "libc++";
				CLANG_ENABLE_MODULES = YES;
				CLANG_ENABLE_OBJC_ARC = YES;
				CLANG_ENABLE_OBJC_WEAK = YES;
				CLANG_WARN_BLOCK_CAPTURE_AUTORELEASING = YES;
				CLANG_WARN_BOOL_CONVERSION = YES;
				CLANG_WARN_COMMA = YES;
				CLANG_WARN_CONSTANT_CONVERSION = YES;
				CLANG_WARN_DEPRECATED_OBJC_IMPLEMENTATIONS = YES;
				CLANG_WARN_DIRECT_OBJC_ISA_USAGE = YES_ERROR;
				CLANG_WARN_DOCUMENTATION_COMMENTS = YES;
				CLANG_WARN_EMPTY_BODY = YES;
				CLANG_WARN_ENUM_CONVERSION = YES;
				CLANG_WARN_INFINITE_RECURSION = YES;
				CLANG_WARN_INT_CONVERSION = YES;
				CLANG_WARN_NON_LITERAL_NULL_CONVERSION = YES;
				CLANG_WARN_OBJC_IMPLICIT_RETAIN_SELF = YES;
				CLANG_WARN_OBJC_LITERAL_CONVERSION = YES;
				CLANG_WARN_OBJC_ROOT_CLASS = YES_ERROR;
				CLANG_WARN_RANGE_LOOP_ANALYSIS = YES;
				CLANG_WARN_STRICT_PROTOTYPES = YES;
				CLANG_WARN_SUSPICIOUS_MOVE = YES;
				CLANG_WARN_UNGUARDED_AVAILABILITY = YES_AGGRESSIVE;
				CLANG_WARN_UNREACHABLE_CODE = YES;
				CLANG_WARN__DUPLICATE_METHOD_MATCH = YES;
				CODE_SIGN_IDENTITY = "iPhone Developer";
				COPY_PHASE_STRIP = NO;
				DEBUG_INFORMATION_FORMAT = "dwarf-with-dsym";
				ENABLE_NS_ASSERTIONS = NO;
				ENABLE_STRICT_OBJC_MSGSEND = YES;
				GCC_C_LANGUAGE_STANDARD = gnu11;
				GCC_NO_COMMON_BLOCKS = YES;
				GCC_WARN_64_TO_32_BIT_CONVERSION = YES;
				GCC_WARN_ABOUT_RETURN_TYPE = YES_ERROR;
				GCC_WARN_UNDECLARED_SELECTOR = YES;
				GCC_WARN_UNINITIALIZED_AUTOS = YES_AGGRESSIVE;
				GCC_WARN_UNUSED_FUNCTION = YES;
				GCC_WARN_UNUSED_VARIABLE = YES;
				IPHONEOS_DEPLOYMENT_TARGET = 12.0;
				MTL_ENABLE_DEBUG_INFO = NO;
				MTL_FAST_MATH = YES;
				SDKROOT = iphoneos;
				VALIDATE_PRODUCT = YES;
			};
			name = Release;
		};
		D6781864216CD16F00E650DB /* Debug */ = {
			isa = XCBuildConfiguration;
			buildSettings = {
				ALWAYS_EMBED_SWIFT_STANDARD_LIBRARIES = YES;
				ASSETCATALOG_COMPILER_APPICON_NAME = AppIcon;
				CLANG_ENABLE_MODULES = YES;
				CODE_SIGN_STYLE = Automatic;
				DEFINES_MODULE = YES;
				DEVELOPMENT_TEAM = UBFF39V752;
				FRAMEWORK_SEARCH_PATHS = (
					"$(inherited)",
					"$(PROJECT_DIR)/Carthage/Build/iOS",
				);
				INFOPLIST_FILE = SIMplePhone/SupportFiles/Info.plist;
				LD_RUNPATH_SEARCH_PATHS = (
					"$(inherited)",
					"@executable_path/Frameworks",
				);
				PRODUCT_BUNDLE_IDENTIFIER = com.lukaskuster.diplomarbeit.SIMplePhone;
				PRODUCT_NAME = "$(TARGET_NAME)";
				SWIFT_OBJC_BRIDGING_HEADER = "SIMplePhone/SIMplePhone-Bridging-Header.h";
				SWIFT_OPTIMIZATION_LEVEL = "-Onone";
				SWIFT_VERSION = 4.2;
				TARGETED_DEVICE_FAMILY = "1,2";
			};
			name = Debug;
		};
		D6781865216CD16F00E650DB /* Release */ = {
			isa = XCBuildConfiguration;
			buildSettings = {
				ALWAYS_EMBED_SWIFT_STANDARD_LIBRARIES = YES;
				ASSETCATALOG_COMPILER_APPICON_NAME = AppIcon;
				CLANG_ENABLE_MODULES = YES;
				CODE_SIGN_STYLE = Automatic;
				DEFINES_MODULE = YES;
				DEVELOPMENT_TEAM = UBFF39V752;
				FRAMEWORK_SEARCH_PATHS = (
					"$(inherited)",
					"$(PROJECT_DIR)/Carthage/Build/iOS",
				);
				INFOPLIST_FILE = SIMplePhone/SupportFiles/Info.plist;
				LD_RUNPATH_SEARCH_PATHS = (
					"$(inherited)",
					"@executable_path/Frameworks",
				);
				PRODUCT_BUNDLE_IDENTIFIER = com.lukaskuster.diplomarbeit.SIMplePhone;
				PRODUCT_NAME = "$(TARGET_NAME)";
				SWIFT_OBJC_BRIDGING_HEADER = "SIMplePhone/SIMplePhone-Bridging-Header.h";
				SWIFT_VERSION = 4.2;
				TARGETED_DEVICE_FAMILY = "1,2";
			};
			name = Release;
		};
		D67818AD2178929B00E650DB /* Debug */ = {
			isa = XCBuildConfiguration;
			buildSettings = {
				CLANG_ENABLE_MODULES = YES;
				CODE_SIGN_IDENTITY = "";
				CODE_SIGN_STYLE = Automatic;
				CURRENT_PROJECT_VERSION = 1;
				DEFINES_MODULE = YES;
				DEVELOPMENT_TEAM = UBFF39V752;
				DYLIB_COMPATIBILITY_VERSION = 1;
				DYLIB_CURRENT_VERSION = 1;
				DYLIB_INSTALL_NAME_BASE = "@rpath";
				FRAMEWORK_SEARCH_PATHS = (
					"$(inherited)",
					"$(PROJECT_DIR)/Carthage/Build/iOS",
				);
				INFOPLIST_FILE = SIMplePhoneKit/Info.plist;
				INSTALL_PATH = "$(LOCAL_LIBRARY_DIR)/Frameworks";
				LD_RUNPATH_SEARCH_PATHS = (
					"$(inherited)",
					"@executable_path/Frameworks",
					"@loader_path/Frameworks",
				);
				PRODUCT_BUNDLE_IDENTIFIER = com.lukaskuster.diplomarbeit.SIMplePhoneKit;
				PRODUCT_NAME = "$(TARGET_NAME:c99extidentifier)";
				SKIP_INSTALL = YES;
				SWIFT_ACTIVE_COMPILATION_CONDITIONS = DEBUG;
				SWIFT_OPTIMIZATION_LEVEL = "-Onone";
				SWIFT_VERSION = 4.2;
				TARGETED_DEVICE_FAMILY = "1,2";
				VERSIONING_SYSTEM = "apple-generic";
				VERSION_INFO_PREFIX = "";
			};
			name = Debug;
		};
		D67818AE2178929B00E650DB /* Release */ = {
			isa = XCBuildConfiguration;
			buildSettings = {
				CLANG_ENABLE_MODULES = YES;
				CODE_SIGN_IDENTITY = "";
				CODE_SIGN_STYLE = Automatic;
				CURRENT_PROJECT_VERSION = 1;
				DEFINES_MODULE = YES;
				DEVELOPMENT_TEAM = UBFF39V752;
				DYLIB_COMPATIBILITY_VERSION = 1;
				DYLIB_CURRENT_VERSION = 1;
				DYLIB_INSTALL_NAME_BASE = "@rpath";
				FRAMEWORK_SEARCH_PATHS = (
					"$(inherited)",
					"$(PROJECT_DIR)/Carthage/Build/iOS",
				);
				INFOPLIST_FILE = SIMplePhoneKit/Info.plist;
				INSTALL_PATH = "$(LOCAL_LIBRARY_DIR)/Frameworks";
				LD_RUNPATH_SEARCH_PATHS = (
					"$(inherited)",
					"@executable_path/Frameworks",
					"@loader_path/Frameworks",
				);
				PRODUCT_BUNDLE_IDENTIFIER = com.lukaskuster.diplomarbeit.SIMplePhoneKit;
				PRODUCT_NAME = "$(TARGET_NAME:c99extidentifier)";
				SKIP_INSTALL = YES;
				SWIFT_COMPILATION_MODE = wholemodule;
				SWIFT_OPTIMIZATION_LEVEL = "-O";
				SWIFT_VERSION = 4.2;
				TARGETED_DEVICE_FAMILY = "1,2";
				VERSIONING_SYSTEM = "apple-generic";
				VERSION_INFO_PREFIX = "";
			};
			name = Release;
		};
/* End XCBuildConfiguration section */

/* Begin XCConfigurationList section */
		D6781845216CD16D00E650DB /* Build configuration list for PBXProject "SIMplePhone" */ = {
			isa = XCConfigurationList;
			buildConfigurations = (
				D6781861216CD16F00E650DB /* Debug */,
				D6781862216CD16F00E650DB /* Release */,
			);
			defaultConfigurationIsVisible = 0;
			defaultConfigurationName = Release;
		};
		D6781863216CD16F00E650DB /* Build configuration list for PBXNativeTarget "SIMplePhone" */ = {
			isa = XCConfigurationList;
			buildConfigurations = (
				D6781864216CD16F00E650DB /* Debug */,
				D6781865216CD16F00E650DB /* Release */,
			);
			defaultConfigurationIsVisible = 0;
			defaultConfigurationName = Release;
		};
		D67818AC2178929B00E650DB /* Build configuration list for PBXNativeTarget "SIMplePhoneKit" */ = {
			isa = XCConfigurationList;
			buildConfigurations = (
				D67818AD2178929B00E650DB /* Debug */,
				D67818AE2178929B00E650DB /* Release */,
			);
			defaultConfigurationIsVisible = 0;
			defaultConfigurationName = Release;
		};
/* End XCConfigurationList section */
	};
	rootObject = D6781842216CD16D00E650DB /* Project object */;
}
